// !$*UTF8*$!
{
	archiveVersion = 1;
	classes = {
	};
	objectVersion = 50;
	objects = {

/* Begin PBXBuildFile section */
		088C0AB725C1C568006F17AC /* AppDelegate.swift in Sources */ = {isa = PBXBuildFile; fileRef = 088C0AB625C1C568006F17AC /* AppDelegate.swift */; };
		088C0AB925C1C568006F17AC /* SceneDelegate.swift in Sources */ = {isa = PBXBuildFile; fileRef = 088C0AB825C1C568006F17AC /* SceneDelegate.swift */; };
		088C0ABD25C1C56A006F17AC /* Assets.xcassets in Resources */ = {isa = PBXBuildFile; fileRef = 088C0ABC25C1C56A006F17AC /* Assets.xcassets */; };
		088C0AC025C1C56A006F17AC /* Preview Assets.xcassets in Resources */ = {isa = PBXBuildFile; fileRef = 088C0ABF25C1C56A006F17AC /* Preview Assets.xcassets */; };
		088C0AC325C1C56A006F17AC /* LaunchScreen.storyboard in Resources */ = {isa = PBXBuildFile; fileRef = 088C0AC125C1C56A006F17AC /* LaunchScreen.storyboard */; };
		088C0ACE25C1C9E1006F17AC /* HomeScreen.swift in Sources */ = {isa = PBXBuildFile; fileRef = 088C0ACD25C1C9E1006F17AC /* HomeScreen.swift */; };
		088C0AD325C1D4F2006F17AC /* RoomItem.swift in Sources */ = {isa = PBXBuildFile; fileRef = 088C0AD225C1D4F2006F17AC /* RoomItem.swift */; };
		088C0AD925C1D72C006F17AC /* CreateRoomItem.swift in Sources */ = {isa = PBXBuildFile; fileRef = 088C0AD825C1D72C006F17AC /* CreateRoomItem.swift */; };
		088C0ADC25C1DFA3006F17AC /* StoryItem.swift in Sources */ = {isa = PBXBuildFile; fileRef = 088C0ADB25C1DFA3006F17AC /* StoryItem.swift */; };
		088C0AE025C1E4B4006F17AC /* CreateStoryItem.swift in Sources */ = {isa = PBXBuildFile; fileRef = 088C0ADF25C1E4B4006F17AC /* CreateStoryItem.swift */; };
		08D3862D25C2636F00312BC9 /* PostItem.swift in Sources */ = {isa = PBXBuildFile; fileRef = 08D3862C25C2636E00312BC9 /* PostItem.swift */; };
		08D3863025C29F2100312BC9 /* PostItem1.swift in Sources */ = {isa = PBXBuildFile; fileRef = 08D3862F25C29F2100312BC9 /* PostItem1.swift */; };
		08D3863325C2AE8800312BC9 /* PostItem2.swift in Sources */ = {isa = PBXBuildFile; fileRef = 08D3863225C2AE8800312BC9 /* PostItem2.swift */; };
/* End PBXBuildFile section */

/* Begin PBXFileReference section */
		088C0AB325C1C568006F17AC /* Facebook.app */ = {isa = PBXFileReference; explicitFileType = wrapper.application; includeInIndex = 0; path = Facebook.app; sourceTree = BUILT_PRODUCTS_DIR; };
		088C0AB625C1C568006F17AC /* AppDelegate.swift */ = {isa = PBXFileReference; lastKnownFileType = sourcecode.swift; path = AppDelegate.swift; sourceTree = "<group>"; };
		088C0AB825C1C568006F17AC /* SceneDelegate.swift */ = {isa = PBXFileReference; lastKnownFileType = sourcecode.swift; path = SceneDelegate.swift; sourceTree = "<group>"; };
		088C0ABC25C1C56A006F17AC /* Assets.xcassets */ = {isa = PBXFileReference; lastKnownFileType = folder.assetcatalog; path = Assets.xcassets; sourceTree = "<group>"; };
		088C0ABF25C1C56A006F17AC /* Preview Assets.xcassets */ = {isa = PBXFileReference; lastKnownFileType = folder.assetcatalog; path = "Preview Assets.xcassets"; sourceTree = "<group>"; };
		088C0AC225C1C56A006F17AC /* Base */ = {isa = PBXFileReference; lastKnownFileType = file.storyboard; name = Base; path = Base.lproj/LaunchScreen.storyboard; sourceTree = "<group>"; };
		088C0AC425C1C56B006F17AC /* Info.plist */ = {isa = PBXFileReference; lastKnownFileType = text.plist.xml; path = Info.plist; sourceTree = "<group>"; };
		088C0ACD25C1C9E1006F17AC /* HomeScreen.swift */ = {isa = PBXFileReference; lastKnownFileType = sourcecode.swift; path = HomeScreen.swift; sourceTree = "<group>"; };
		088C0AD225C1D4F2006F17AC /* RoomItem.swift */ = {isa = PBXFileReference; lastKnownFileType = sourcecode.swift; path = RoomItem.swift; sourceTree = "<group>"; };
		088C0AD825C1D72C006F17AC /* CreateRoomItem.swift */ = {isa = PBXFileReference; lastKnownFileType = sourcecode.swift; path = CreateRoomItem.swift; sourceTree = "<group>"; };
		088C0ADB25C1DFA3006F17AC /* StoryItem.swift */ = {isa = PBXFileReference; lastKnownFileType = sourcecode.swift; path = StoryItem.swift; sourceTree = "<group>"; };
		088C0ADF25C1E4B4006F17AC /* CreateStoryItem.swift */ = {isa = PBXFileReference; lastKnownFileType = sourcecode.swift; path = CreateStoryItem.swift; sourceTree = "<group>"; };
		08D3862C25C2636E00312BC9 /* PostItem.swift */ = {isa = PBXFileReference; lastKnownFileType = sourcecode.swift; path = PostItem.swift; sourceTree = "<group>"; };
		08D3862F25C29F2100312BC9 /* PostItem1.swift */ = {isa = PBXFileReference; lastKnownFileType = sourcecode.swift; path = PostItem1.swift; sourceTree = "<group>"; };
		08D3863225C2AE8800312BC9 /* PostItem2.swift */ = {isa = PBXFileReference; lastKnownFileType = sourcecode.swift; path = PostItem2.swift; sourceTree = "<group>"; };
/* End PBXFileReference section */

/* Begin PBXFrameworksBuildPhase section */
		088C0AB025C1C568006F17AC /* Frameworks */ = {
			isa = PBXFrameworksBuildPhase;
			buildActionMask = 2147483647;
			files = (
			);
			runOnlyForDeploymentPostprocessing = 0;
		};
/* End PBXFrameworksBuildPhase section */

/* Begin PBXGroup section */
		088C0AAA25C1C568006F17AC = {
			isa = PBXGroup;
			children = (
				088C0AB525C1C568006F17AC /* Facebook */,
				088C0AB425C1C568006F17AC /* Products */,
			);
			sourceTree = "<group>";
		};
		088C0AB425C1C568006F17AC /* Products */ = {
			isa = PBXGroup;
			children = (
				088C0AB325C1C568006F17AC /* Facebook.app */,
			);
			name = Products;
			sourceTree = "<group>";
		};
		088C0AB525C1C568006F17AC /* Facebook */ = {
			isa = PBXGroup;
			children = (
				088C0AD125C1D4E7006F17AC /* cells */,
				088C0ACC25C1C9D5006F17AC /* screens */,
				088C0ACB25C1C9B9006F17AC /* apputils */,
				088C0AB625C1C568006F17AC /* AppDelegate.swift */,
				088C0AB825C1C568006F17AC /* SceneDelegate.swift */,
				088C0AC425C1C56B006F17AC /* Info.plist */,
				088C0ABE25C1C56A006F17AC /* Preview Content */,
			);
			path = Facebook;
			sourceTree = "<group>";
		};
		088C0ABE25C1C56A006F17AC /* Preview Content */ = {
			isa = PBXGroup;
			children = (
				088C0ABF25C1C56A006F17AC /* Preview Assets.xcassets */,
			);
			path = "Preview Content";
			sourceTree = "<group>";
		};
		088C0ACB25C1C9B9006F17AC /* apputils */ = {
			isa = PBXGroup;
			children = (
				088C0AC125C1C56A006F17AC /* LaunchScreen.storyboard */,
				088C0ABC25C1C56A006F17AC /* Assets.xcassets */,
			);
			path = apputils;
			sourceTree = "<group>";
		};
		088C0ACC25C1C9D5006F17AC /* screens */ = {
			isa = PBXGroup;
			children = (
				088C0ACD25C1C9E1006F17AC /* HomeScreen.swift */,
			);
			path = screens;
			sourceTree = "<group>";
		};
		088C0AD125C1D4E7006F17AC /* cells */ = {
			isa = PBXGroup;
			children = (
				088C0AD225C1D4F2006F17AC /* RoomItem.swift */,
				088C0AD825C1D72C006F17AC /* CreateRoomItem.swift */,
				088C0ADB25C1DFA3006F17AC /* StoryItem.swift */,
				088C0ADF25C1E4B4006F17AC /* CreateStoryItem.swift */,
				08D3862C25C2636E00312BC9 /* PostItem.swift */,
				08D3862F25C29F2100312BC9 /* PostItem1.swift */,
				08D3863225C2AE8800312BC9 /* PostItem2.swift */,
			);
			path = cells;
			sourceTree = "<group>";
		};
/* End PBXGroup section */

/* Begin PBXNativeTarget section */
		088C0AB225C1C568006F17AC /* Facebook */ = {
			isa = PBXNativeTarget;
			buildConfigurationList = 088C0AC725C1C56B006F17AC /* Build configuration list for PBXNativeTarget "Facebook" */;
			buildPhases = (
				088C0AAF25C1C568006F17AC /* Sources */,
				088C0AB025C1C568006F17AC /* Frameworks */,
				088C0AB125C1C568006F17AC /* Resources */,
			);
			buildRules = (
			);
			dependencies = (
			);
			name = Facebook;
			productName = Facebook;
			productReference = 088C0AB325C1C568006F17AC /* Facebook.app */;
			productType = "com.apple.product-type.application";
		};
/* End PBXNativeTarget section */

/* Begin PBXProject section */
		088C0AAB25C1C568006F17AC /* Project object */ = {
			isa = PBXProject;
			attributes = {
				LastSwiftUpdateCheck = 1230;
				LastUpgradeCheck = 1230;
				TargetAttributes = {
					088C0AB225C1C568006F17AC = {
						CreatedOnToolsVersion = 12.3;
					};
				};
			};
			buildConfigurationList = 088C0AAE25C1C568006F17AC /* Build configuration list for PBXProject "Facebook" */;
			compatibilityVersion = "Xcode 9.3";
			developmentRegion = en;
			hasScannedForEncodings = 0;
			knownRegions = (
				en,
				Base,
			);
			mainGroup = 088C0AAA25C1C568006F17AC;
			productRefGroup = 088C0AB425C1C568006F17AC /* Products */;
			projectDirPath = "";
			projectRoot = "";
			targets = (
				088C0AB225C1C568006F17AC /* Facebook */,
			);
		};
/* End PBXProject section */

/* Begin PBXResourcesBuildPhase section */
		088C0AB125C1C568006F17AC /* Resources */ = {
			isa = PBXResourcesBuildPhase;
			buildActionMask = 2147483647;
			files = (
				088C0AC325C1C56A006F17AC /* LaunchScreen.storyboard in Resources */,
				088C0AC025C1C56A006F17AC /* Preview Assets.xcassets in Resources */,
				088C0ABD25C1C56A006F17AC /* Assets.xcassets in Resources */,
			);
			runOnlyForDeploymentPostprocessing = 0;
		};
/* End PBXResourcesBuildPhase section */

/* Begin PBXSourcesBuildPhase section */
		088C0AAF25C1C568006F17AC /* Sources */ = {
			isa = PBXSourcesBuildPhase;
			buildActionMask = 2147483647;
			files = (
				088C0ADC25C1DFA3006F17AC /* StoryItem.swift in Sources */,
				088C0ACE25C1C9E1006F17AC /* HomeScreen.swift in Sources */,
				088C0AD325C1D4F2006F17AC /* RoomItem.swift in Sources */,
				088C0AD925C1D72C006F17AC /* CreateRoomItem.swift in Sources */,
				08D3863025C29F2100312BC9 /* PostItem1.swift in Sources */,
				088C0AB725C1C568006F17AC /* AppDelegate.swift in Sources */,
				088C0AE025C1E4B4006F17AC /* CreateStoryItem.swift in Sources */,
				08D3862D25C2636F00312BC9 /* PostItem.swift in Sources */,
				088C0AB925C1C568006F17AC /* SceneDelegate.swift in Sources */,
				08D3863325C2AE8800312BC9 /* PostItem2.swift in Sources */,
			);
			runOnlyForDeploymentPostprocessing = 0;
		};
/* End PBXSourcesBuildPhase section */

/* Begin PBXVariantGroup section */
		088C0AC125C1C56A006F17AC /* LaunchScreen.storyboard */ = {
			isa = PBXVariantGroup;
			children = (
				088C0AC225C1C56A006F17AC /* Base */,
			);
			name = LaunchScreen.storyboard;
			sourceTree = "<group>";
		};
/* End PBXVariantGroup section */

/* Begin XCBuildConfiguration section */
		088C0AC525C1C56B006F17AC /* Debug */ = {
			isa = XCBuildConfiguration;
			buildSettings = {
				ALWAYS_SEARCH_USER_PATHS = NO;
				CLANG_ANALYZER_NONNULL = YES;
				CLANG_ANALYZER_NUMBER_OBJECT_CONVERSION = YES_AGGRESSIVE;
				CLANG_CXX_LANGUAGE_STANDARD = "gnu++14";
				CLANG_CXX_LIBRARY = "libc++";
				CLANG_ENABLE_MODULES = YES;
				CLANG_ENABLE_OBJC_ARC = YES;
				CLANG_ENABLE_OBJC_WEAK = YES;
				CLANG_WARN_BLOCK_CAPTURE_AUTORELEASING = YES;
				CLANG_WARN_BOOL_CONVERSION = YES;
				CLANG_WARN_COMMA = YES;
				CLANG_WARN_CONSTANT_CONVERSION = YES;
				CLANG_WARN_DEPRECATED_OBJC_IMPLEMENTATIONS = YES;
				CLANG_WARN_DIRECT_OBJC_ISA_USAGE = YES_ERROR;
				CLANG_WARN_DOCUMENTATION_COMMENTS = YES;
				CLANG_WARN_EMPTY_BODY = YES;
				CLANG_WARN_ENUM_CONVERSION = YES;
				CLANG_WARN_INFINITE_RECURSION = YES;
				CLANG_WARN_INT_CONVERSION = YES;
				CLANG_WARN_NON_LITERAL_NULL_CONVERSION = YES;
				CLANG_WARN_OBJC_IMPLICIT_RETAIN_SELF = YES;
				CLANG_WARN_OBJC_LITERAL_CONVERSION = YES;
				CLANG_WARN_OBJC_ROOT_CLASS = YES_ERROR;
				CLANG_WARN_QUOTED_INCLUDE_IN_FRAMEWORK_HEADER = YES;
				CLANG_WARN_RANGE_LOOP_ANALYSIS = YES;
				CLANG_WARN_STRICT_PROTOTYPES = YES;
				CLANG_WARN_SUSPICIOUS_MOVE = YES;
				CLANG_WARN_UNGUARDED_AVAILABILITY = YES_AGGRESSIVE;
				CLANG_WARN_UNREACHABLE_CODE = YES;
				CLANG_WARN__DUPLICATE_METHOD_MATCH = YES;
				COPY_PHASE_STRIP = NO;
				DEBUG_INFORMATION_FORMAT = dwarf;
				ENABLE_STRICT_OBJC_MSGSEND = YES;
				ENABLE_TESTABILITY = YES;
				GCC_C_LANGUAGE_STANDARD = gnu11;
				GCC_DYNAMIC_NO_PIC = NO;
				GCC_NO_COMMON_BLOCKS = YES;
				GCC_OPTIMIZATION_LEVEL = 0;
				GCC_PREPROCESSOR_DEFINITIONS = (
					"DEBUG=1",
					"$(inherited)",
				);
				GCC_WARN_64_TO_32_BIT_CONVERSION = YES;
				GCC_WARN_ABOUT_RETURN_TYPE = YES_ERROR;
				GCC_WARN_UNDECLARED_SELECTOR = YES;
				GCC_WARN_UNINITIALIZED_AUTOS = YES_AGGRESSIVE;
				GCC_WARN_UNUSED_FUNCTION = YES;
				GCC_WARN_UNUSED_VARIABLE = YES;
				IPHONEOS_DEPLOYMENT_TARGET = 14.3;
				MTL_ENABLE_DEBUG_INFO = INCLUDE_SOURCE;
				MTL_FAST_MATH = YES;
				ONLY_ACTIVE_ARCH = YES;
				SDKROOT = iphoneos;
				SWIFT_ACTIVE_COMPILATION_CONDITIONS = DEBUG;
				SWIFT_OPTIMIZATION_LEVEL = "-Onone";
			};
			name = Debug;
		};
		088C0AC625C1C56B006F17AC /* Release */ = {
			isa = XCBuildConfiguration;
			buildSettings = {
				ALWAYS_SEARCH_USER_PATHS = NO;
				CLANG_ANALYZER_NONNULL = YES;
				CLANG_ANALYZER_NUMBER_OBJECT_CONVERSION = YES_AGGRESSIVE;
				CLANG_CXX_LANGUAGE_STANDARD = "gnu++14";
				CLANG_CXX_LIBRARY = "libc++";
				CLANG_ENABLE_MODULES = YES;
				CLANG_ENABLE_OBJC_ARC = YES;
				CLANG_ENABLE_OBJC_WEAK = YES;
				CLANG_WARN_BLOCK_CAPTURE_AUTORELEASING = YES;
				CLANG_WARN_BOOL_CONVERSION = YES;
				CLANG_WARN_COMMA = YES;
				CLANG_WARN_CONSTANT_CONVERSION = YES;
				CLANG_WARN_DEPRECATED_OBJC_IMPLEMENTATIONS = YES;
				CLANG_WARN_DIRECT_OBJC_ISA_USAGE = YES_ERROR;
				CLANG_WARN_DOCUMENTATION_COMMENTS = YES;
				CLANG_WARN_EMPTY_BODY = YES;
				CLANG_WARN_ENUM_CONVERSION = YES;
				CLANG_WARN_INFINITE_RECURSION = YES;
				CLANG_WARN_INT_CONVERSION = YES;
				CLANG_WARN_NON_LITERAL_NULL_CONVERSION = YES;
				CLANG_WARN_OBJC_IMPLICIT_RETAIN_SELF = YES;
				CLANG_WARN_OBJC_LITERAL_CONVERSION = YES;
				CLANG_WARN_OBJC_ROOT_CLASS = YES_ERROR;
				CLANG_WARN_QUOTED_INCLUDE_IN_FRAMEWORK_HEADER = YES;
				CLANG_WARN_RANGE_LOOP_ANALYSIS = YES;
				CLANG_WARN_STRICT_PROTOTYPES = YES;
				CLANG_WARN_SUSPICIOUS_MOVE = YES;
				CLANG_WARN_UNGUARDED_AVAILABILITY = YES_AGGRESSIVE;
				CLANG_WARN_UNREACHABLE_CODE = YES;
				CLANG_WARN__DUPLICATE_METHOD_MATCH = YES;
				COPY_PHASE_STRIP = NO;
				DEBUG_INFORMATION_FORMAT = "dwarf-with-dsym";
				ENABLE_NS_ASSERTIONS = NO;
				ENABLE_STRICT_OBJC_MSGSEND = YES;
				GCC_C_LANGUAGE_STANDARD = gnu11;
				GCC_NO_COMMON_BLOCKS = YES;
				GCC_WARN_64_TO_32_BIT_CONVERSION = YES;
				GCC_WARN_ABOUT_RETURN_TYPE = YES_ERROR;
				GCC_WARN_UNDECLARED_SELECTOR = YES;
				GCC_WARN_UNINITIALIZED_AUTOS = YES_AGGRESSIVE;
				GCC_WARN_UNUSED_FUNCTION = YES;
				GCC_WARN_UNUSED_VARIABLE = YES;
				IPHONEOS_DEPLOYMENT_TARGET = 14.3;
				MTL_ENABLE_DEBUG_INFO = NO;
				MTL_FAST_MATH = YES;
				SDKROOT = iphoneos;
				SWIFT_COMPILATION_MODE = wholemodule;
				SWIFT_OPTIMIZATION_LEVEL = "-O";
				VALIDATE_PRODUCT = YES;
			};
			name = Release;
		};
		088C0AC825C1C56B006F17AC /* Debug */ = {
			isa = XCBuildConfiguration;
			buildSettings = {
				ASSETCATALOG_COMPILER_APPICON_NAME = AppIcon;
				ASSETCATALOG_COMPILER_GLOBAL_ACCENT_COLOR_NAME = AccentColor;
				CODE_SIGN_STYLE = Automatic;
				DEVELOPMENT_ASSET_PATHS = "\"Facebook/Preview Content\"";
				DEVELOPMENT_TEAM = ZBCH42888L;
				ENABLE_PREVIEWS = YES;
				INFOPLIST_FILE = Facebook/Info.plist;
				LD_RUNPATH_SEARCH_PATHS = (
					"$(inherited)",
					"@executable_path/Frameworks",
				);
				PRODUCT_BUNDLE_IDENTIFIER = swift.Facebook;
				PRODUCT_NAME = "$(TARGET_NAME)";
				SWIFT_VERSION = 5.0;
				TARGETED_DEVICE_FAMILY = "1,2";
			};
			name = Debug;
		};
		088C0AC925C1C56B006F17AC /* Release */ = {
			isa = XCBuildConfiguration;
			buildSettings = {
				ASSETCATALOG_COMPILER_APPICON_NAME = AppIcon;
				ASSETCATALOG_COMPILER_GLOBAL_ACCENT_COLOR_NAME = AccentColor;
				CODE_SIGN_STYLE = Automatic;
				DEVELOPMENT_ASSET_PATHS = "\"Facebook/Preview Content\"";
				DEVELOPMENT_TEAM = ZBCH42888L;
				ENABLE_PREVIEWS = YES;
				INFOPLIST_FILE = Facebook/Info.plist;
				LD_RUNPATH_SEARCH_PATHS = (
					"$(inherited)",
					"@executable_path/Frameworks",
				);
				PRODUCT_BUNDLE_IDENTIFIER = swift.Facebook;
				PRODUCT_NAME = "$(TARGET_NAME)";
				SWIFT_VERSION = 5.0;
				TARGETED_DEVICE_FAMILY = "1,2";
			};
			name = Release;
		};
/* End XCBuildConfiguration section */

/* Begin XCConfigurationList section */
		088C0AAE25C1C568006F17AC /* Build configuration list for PBXProject "Facebook" */ = {
			isa = XCConfigurationList;
			buildConfigurations = (
				088C0AC525C1C56B006F17AC /* Debug */,
				088C0AC625C1C56B006F17AC /* Release */,
			);
			defaultConfigurationIsVisible = 0;
			defaultConfigurationName = Release;
		};
		088C0AC725C1C56B006F17AC /* Build configuration list for PBXNativeTarget "Facebook" */ = {
			isa = XCConfigurationList;
			buildConfigurations = (
				088C0AC825C1C56B006F17AC /* Debug */,
				088C0AC925C1C56B006F17AC /* Release */,
			);
			defaultConfigurationIsVisible = 0;
			defaultConfigurationName = Release;
		};
/* End XCConfigurationList section */
	};
	rootObject = 088C0AAB25C1C568006F17AC /* Project object */;
}
